
Microsoft Visual Studio Solution File, Format Version 12.00
# Visual Studio Version 16
VisualStudioVersion = 16.0.32413.511
MinimumVisualStudioVersion = 10.0.40219.1
Project("{FAE04EC0-301F-11D3-BF4B-00C04F79EFBC}") = "Final_Code_Based", "Final_Code_Based\Final_Code_Based.csproj", "{88712A4B-907F-4477-B6EC-4403E0A96550}"
EndProject
Global
	GlobalSection(SolutionConfigurationPlatforms) = preSolution
		Debug|Any CPU = Debug|Any CPU
		Release|Any CPU = Release|Any CPU
	EndGlobalSection
	GlobalSection(ProjectConfigurationPlatforms) = postSolution
		{88712A4B-907F-4477-B6EC-4403E0A96550}.Debug|Any CPU.ActiveCfg = Debug|Any CPU
		{88712A4B-907F-4477-B6EC-4403E0A96550}.Debug|Any CPU.Build.0 = Debug|Any CPU
		{88712A4B-907F-4477-B6EC-4403E0A96550}.Release|Any CPU.ActiveCfg = Release|Any CPU
		{88712A4B-907F-4477-B6EC-4403E0A96550}.Release|Any CPU.Build.0 = Release|Any CPU
	EndGlobalSection
	GlobalSection(SolutionProperties) = preSolution
		HideSolutionNode = FALSE
	EndGlobalSection
	GlobalSection(ExtensibilityGlobals) = postSolution
		SolutionGuid = {E1882EC6-3A69-439C-A117-9A0177CAA109}
	EndGlobalSection
EndGlobal
